
Microsoft Visual Studio Solution File, Format Version 12.00
# Visual Studio Version 17
VisualStudioVersion = 17.14.36414.22 d17.14
MinimumVisualStudioVersion = 10.0.40219.1
Project("{FAE04EC0-301F-11D3-BF4B-00C04F79EFBC}") = "MqttManager", "MqttManager\MqttManager.csproj", "{4187A049-3EF9-47E7-9D9F-FC76733B51B6}"
EndProject
Global
	GlobalSection(SolutionConfigurationPlatforms) = preSolution
		Debug|Any CPU = Debug|Any CPU
		Release|Any CPU = Release|Any CPU
	EndGlobalSection
	GlobalSection(ProjectConfigurationPlatforms) = postSolution
		{4187A049-3EF9-47E7-9D9F-FC76733B51B6}.Debug|Any CPU.ActiveCfg = Debug|Any CPU
		{4187A049-3EF9-47E7-9D9F-FC76733B51B6}.Debug|Any CPU.Build.0 = Debug|Any CPU
		{4187A049-3EF9-47E7-9D9F-FC76733B51B6}.Debug|Any CPU.Deploy.0 = Debug|Any CPU
		{4187A049-3EF9-47E7-9D9F-FC76733B51B6}.Release|Any CPU.ActiveCfg = Release|Any CPU
		{4187A049-3EF9-47E7-9D9F-FC76733B51B6}.Release|Any CPU.Build.0 = Release|Any CPU
		{4187A049-3EF9-47E7-9D9F-FC76733B51B6}.Release|Any CPU.Deploy.0 = Release|Any CPU
	EndGlobalSection
	GlobalSection(SolutionProperties) = preSolution
		HideSolutionNode = FALSE
	EndGlobalSection
	GlobalSection(ExtensibilityGlobals) = postSolution
		SolutionGuid = {3D9A1718-E85C-44A0-AC3C-39DFEA2B0AB3}
	EndGlobalSection
EndGlobal
